PODS:
  - Kingfisher (5.13.4):
    - Kingfisher/Core (= 5.13.4)
  - Kingfisher/Core (5.13.4)
  - Masonry (1.1.0)

DEPENDENCIES:
  - Kingfisher (~> 5.13.3)
  - Masonry

SPEC REPOS:
  trunk:
    - Kingfisher
    - Masonry

SPEC CHECKSUMS:
  Kingfisher: d2279a7abece3c7f25a80cd2b7f363ca5cf3f44c
  Masonry: 678fab65091a9290e40e2832a55e7ab731aad201

PODFILE CHECKSUM: 167b555bc4a5e9ba27b6b1130b764bccf1d55955

COCOAPODS: 1.9.3
